// !$*UTF8*$!
{
	archiveVersion = 1;
	classes = {
	};
	objectVersion = 46;
	objects = {

/* Begin PBXBuildFile section */
		66174A1C1C6FDE3000B30279 /* NetworkManager.m in Sources */ = {isa = PBXBuildFile; fileRef = 66174A1B1C6FDE3000B30279 /* NetworkManager.m */; };
		66174A231C6FE1B400B30279 /* MenuViewController.m in Sources */ = {isa = PBXBuildFile; fileRef = 66174A211C6FE1B400B30279 /* MenuViewController.m */; };
		66174A241C6FE1B400B30279 /* MenuViewController.xib in Resources */ = {isa = PBXBuildFile; fileRef = 66174A221C6FE1B400B30279 /* MenuViewController.xib */; };
		6620ECA01C85B36C00108DFE /* CategoryViewController.m in Sources */ = {isa = PBXBuildFile; fileRef = 6620EC9E1C85B36C00108DFE /* CategoryViewController.m */; };
		6620ECA11C85B36C00108DFE /* CategoryViewController.xib in Resources */ = {isa = PBXBuildFile; fileRef = 6620EC9F1C85B36C00108DFE /* CategoryViewController.xib */; };
		6620ECA41C85BD3F00108DFE /* Product.m in Sources */ = {isa = PBXBuildFile; fileRef = 6620ECA31C85BD3F00108DFE /* Product.m */; };
		6620ECAA1C85C84700108DFE /* ViewMenuItem.m in Sources */ = {isa = PBXBuildFile; fileRef = 6620ECA91C85C84700108DFE /* ViewMenuItem.m */; };
		6620ECAD1C85CF4A00108DFE /* LogoffMenuItem.m in Sources */ = {isa = PBXBuildFile; fileRef = 6620ECAC1C85CF4A00108DFE /* LogoffMenuItem.m */; };
		66AAC1FC1C7A018000456473 /* SectionMenuItem.m in Sources */ = {isa = PBXBuildFile; fileRef = 66AAC1FB1C7A018000456473 /* SectionMenuItem.m */; };
		66AAC2001C7A177A00456473 /* UserViewController.m in Sources */ = {isa = PBXBuildFile; fileRef = 66AAC1FE1C7A177A00456473 /* UserViewController.m */; };
		66AAC2011C7A177A00456473 /* UserViewController.xib in Resources */ = {isa = PBXBuildFile; fileRef = 66AAC1FF1C7A177A00456473 /* UserViewController.xib */; };
		66B1E5B01C4F8709004C6955 /* main.m in Sources */ = {isa = PBXBuildFile; fileRef = 66B1E5AF1C4F8709004C6955 /* main.m */; };
		66B1E5B31C4F8709004C6955 /* AppDelegate.m in Sources */ = {isa = PBXBuildFile; fileRef = 66B1E5B21C4F8709004C6955 /* AppDelegate.m */; };
		66B1E5BB1C4F8709004C6955 /* Assets.xcassets in Resources */ = {isa = PBXBuildFile; fileRef = 66B1E5BA1C4F8709004C6955 /* Assets.xcassets */; };
		66B1E5BE1C4F8709004C6955 /* LaunchScreen.storyboard in Resources */ = {isa = PBXBuildFile; fileRef = 66B1E5BC1C4F8709004C6955 /* LaunchScreen.storyboard */; };
		66B1E5C91C4F8709004C6955 /* xmazonTests.m in Sources */ = {isa = PBXBuildFile; fileRef = 66B1E5C81C4F8709004C6955 /* xmazonTests.m */; };
		66B1E5D41C4F8709004C6955 /* xmazonUITests.m in Sources */ = {isa = PBXBuildFile; fileRef = 66B1E5D31C4F8709004C6955 /* xmazonUITests.m */; };
		66E446EC1C7259740030ED7A /* RootViewController.m in Sources */ = {isa = PBXBuildFile; fileRef = 66E446EB1C7259740030ED7A /* RootViewController.m */; };
		66E446F11C725CA00030ED7A /* MenuItem.m in Sources */ = {isa = PBXBuildFile; fileRef = 66E446F01C725CA00030ED7A /* MenuItem.m */; };
		66E446F71C725F2F0030ED7A /* StoreMenuItem.m in Sources */ = {isa = PBXBuildFile; fileRef = 66E446F61C725F2F0030ED7A /* StoreMenuItem.m */; };
		66E446FB1C725FEC0030ED7A /* StoreViewController.m in Sources */ = {isa = PBXBuildFile; fileRef = 66E446F91C725FEC0030ED7A /* StoreViewController.m */; };
		66E446FC1C725FEC0030ED7A /* StoreViewController.xib in Resources */ = {isa = PBXBuildFile; fileRef = 66E446FA1C725FEC0030ED7A /* StoreViewController.xib */; };
		A5F1A1E029C1431084E9EEBA /* libPods-xmazon.a in Frameworks */ = {isa = PBXBuildFile; fileRef = 31B0E27C0E059A5E54CD7923 /* libPods-xmazon.a */; };
		C207A5271C73CEF30028E864 /* SubscribeViewController.m in Sources */ = {isa = PBXBuildFile; fileRef = C207A5251C73CEF30028E864 /* SubscribeViewController.m */; };
		C207A5281C73CEF30028E864 /* SubscribeViewController.m in Sources */ = {isa = PBXBuildFile; fileRef = C207A5251C73CEF30028E864 /* SubscribeViewController.m */; };
		C207A5291C73CEF30028E864 /* SubscribeViewController.m in Sources */ = {isa = PBXBuildFile; fileRef = C207A5251C73CEF30028E864 /* SubscribeViewController.m */; };
		C207A52A1C73CEF30028E864 /* SubscribeViewController.xib in Resources */ = {isa = PBXBuildFile; fileRef = C207A5261C73CEF30028E864 /* SubscribeViewController.xib */; };
		C207A52B1C73CEF30028E864 /* SubscribeViewController.xib in Resources */ = {isa = PBXBuildFile; fileRef = C207A5261C73CEF30028E864 /* SubscribeViewController.xib */; };
		C207A52C1C73CEF30028E864 /* SubscribeViewController.xib in Resources */ = {isa = PBXBuildFile; fileRef = C207A5261C73CEF30028E864 /* SubscribeViewController.xib */; };
		C2C2B75F1C727B9D00F4DDED /* LoginViewController.m in Sources */ = {isa = PBXBuildFile; fileRef = C2C2B75D1C727B9D00F4DDED /* LoginViewController.m */; };
		C2C2B7601C727B9D00F4DDED /* LoginViewController.m in Sources */ = {isa = PBXBuildFile; fileRef = C2C2B75D1C727B9D00F4DDED /* LoginViewController.m */; };
		C2C2B7611C727B9D00F4DDED /* LoginViewController.m in Sources */ = {isa = PBXBuildFile; fileRef = C2C2B75D1C727B9D00F4DDED /* LoginViewController.m */; };
		C2C2B7621C727B9D00F4DDED /* LoginViewController.xib in Resources */ = {isa = PBXBuildFile; fileRef = C2C2B75E1C727B9D00F4DDED /* LoginViewController.xib */; };
		C2C2B7631C727B9D00F4DDED /* LoginViewController.xib in Resources */ = {isa = PBXBuildFile; fileRef = C2C2B75E1C727B9D00F4DDED /* LoginViewController.xib */; };
		C2C2B7641C727B9D00F4DDED /* LoginViewController.xib in Resources */ = {isa = PBXBuildFile; fileRef = C2C2B75E1C727B9D00F4DDED /* LoginViewController.xib */; };
/* End PBXBuildFile section */

/* Begin PBXContainerItemProxy section */
		66B1E5C51C4F8709004C6955 /* PBXContainerItemProxy */ = {
			isa = PBXContainerItemProxy;
			containerPortal = 66B1E5A31C4F8709004C6955 /* Project object */;
			proxyType = 1;
			remoteGlobalIDString = 66B1E5AA1C4F8709004C6955;
			remoteInfo = xmazon;
		};
		66B1E5D01C4F8709004C6955 /* PBXContainerItemProxy */ = {
			isa = PBXContainerItemProxy;
			containerPortal = 66B1E5A31C4F8709004C6955 /* Project object */;
			proxyType = 1;
			remoteGlobalIDString = 66B1E5AA1C4F8709004C6955;
			remoteInfo = xmazon;
		};
/* End PBXContainerItemProxy section */

/* Begin PBXFileReference section */
		31B0E27C0E059A5E54CD7923 /* libPods-xmazon.a */ = {isa = PBXFileReference; explicitFileType = archive.ar; includeInIndex = 0; path = "libPods-xmazon.a"; sourceTree = BUILT_PRODUCTS_DIR; };
		49DD386C4CEC1F938D3375EB /* Pods-xmazon.release.xcconfig */ = {isa = PBXFileReference; includeInIndex = 1; lastKnownFileType = text.xcconfig; name = "Pods-xmazon.release.xcconfig"; path = "Pods/Target Support Files/Pods-xmazon/Pods-xmazon.release.xcconfig"; sourceTree = "<group>"; };
		66174A1A1C6FDE3000B30279 /* NetworkManager.h */ = {isa = PBXFileReference; fileEncoding = 4; lastKnownFileType = sourcecode.c.h; path = NetworkManager.h; sourceTree = "<group>"; };
		66174A1B1C6FDE3000B30279 /* NetworkManager.m */ = {isa = PBXFileReference; fileEncoding = 4; lastKnownFileType = sourcecode.c.objc; path = NetworkManager.m; sourceTree = "<group>"; };
		66174A201C6FE1B400B30279 /* MenuViewController.h */ = {isa = PBXFileReference; fileEncoding = 4; lastKnownFileType = sourcecode.c.h; path = MenuViewController.h; sourceTree = "<group>"; };
		66174A211C6FE1B400B30279 /* MenuViewController.m */ = {isa = PBXFileReference; fileEncoding = 4; lastKnownFileType = sourcecode.c.objc; path = MenuViewController.m; sourceTree = "<group>"; };
		66174A221C6FE1B400B30279 /* MenuViewController.xib */ = {isa = PBXFileReference; fileEncoding = 4; lastKnownFileType = file.xib; path = MenuViewController.xib; sourceTree = "<group>"; };
		6620EC9D1C85B36C00108DFE /* CategoryViewController.h */ = {isa = PBXFileReference; fileEncoding = 4; lastKnownFileType = sourcecode.c.h; path = CategoryViewController.h; sourceTree = "<group>"; };
		6620EC9E1C85B36C00108DFE /* CategoryViewController.m */ = {isa = PBXFileReference; fileEncoding = 4; lastKnownFileType = sourcecode.c.objc; path = CategoryViewController.m; sourceTree = "<group>"; };
		6620EC9F1C85B36C00108DFE /* CategoryViewController.xib */ = {isa = PBXFileReference; fileEncoding = 4; lastKnownFileType = file.xib; path = CategoryViewController.xib; sourceTree = "<group>"; };
		6620ECA21C85BD3F00108DFE /* Product.h */ = {isa = PBXFileReference; fileEncoding = 4; lastKnownFileType = sourcecode.c.h; path = Product.h; sourceTree = "<group>"; };
		6620ECA31C85BD3F00108DFE /* Product.m */ = {isa = PBXFileReference; fileEncoding = 4; lastKnownFileType = sourcecode.c.objc; path = Product.m; sourceTree = "<group>"; };
		6620ECA81C85C84700108DFE /* ViewMenuItem.h */ = {isa = PBXFileReference; fileEncoding = 4; lastKnownFileType = sourcecode.c.h; path = ViewMenuItem.h; sourceTree = "<group>"; };
		6620ECA91C85C84700108DFE /* ViewMenuItem.m */ = {isa = PBXFileReference; fileEncoding = 4; lastKnownFileType = sourcecode.c.objc; path = ViewMenuItem.m; sourceTree = "<group>"; };
		6620ECAB1C85CF4A00108DFE /* LogoffMenuItem.h */ = {isa = PBXFileReference; fileEncoding = 4; lastKnownFileType = sourcecode.c.h; path = LogoffMenuItem.h; sourceTree = "<group>"; };
		6620ECAC1C85CF4A00108DFE /* LogoffMenuItem.m */ = {isa = PBXFileReference; fileEncoding = 4; lastKnownFileType = sourcecode.c.objc; path = LogoffMenuItem.m; sourceTree = "<group>"; };
		66AAC1FA1C7A018000456473 /* SectionMenuItem.h */ = {isa = PBXFileReference; fileEncoding = 4; lastKnownFileType = sourcecode.c.h; path = SectionMenuItem.h; sourceTree = "<group>"; };
		66AAC1FB1C7A018000456473 /* SectionMenuItem.m */ = {isa = PBXFileReference; fileEncoding = 4; lastKnownFileType = sourcecode.c.objc; path = SectionMenuItem.m; sourceTree = "<group>"; };
		66AAC1FD1C7A177A00456473 /* UserViewController.h */ = {isa = PBXFileReference; fileEncoding = 4; lastKnownFileType = sourcecode.c.h; path = UserViewController.h; sourceTree = "<group>"; };
		66AAC1FE1C7A177A00456473 /* UserViewController.m */ = {isa = PBXFileReference; fileEncoding = 4; lastKnownFileType = sourcecode.c.objc; path = UserViewController.m; sourceTree = "<group>"; };
		66AAC1FF1C7A177A00456473 /* UserViewController.xib */ = {isa = PBXFileReference; fileEncoding = 4; lastKnownFileType = file.xib; path = UserViewController.xib; sourceTree = "<group>"; };
		66B1E5AB1C4F8709004C6955 /* xmazon.app */ = {isa = PBXFileReference; explicitFileType = wrapper.application; includeInIndex = 0; path = xmazon.app; sourceTree = BUILT_PRODUCTS_DIR; };
		66B1E5AF1C4F8709004C6955 /* main.m */ = {isa = PBXFileReference; lastKnownFileType = sourcecode.c.objc; path = main.m; sourceTree = "<group>"; };
		66B1E5B11C4F8709004C6955 /* AppDelegate.h */ = {isa = PBXFileReference; lastKnownFileType = sourcecode.c.h; path = AppDelegate.h; sourceTree = "<group>"; };
		66B1E5B21C4F8709004C6955 /* AppDelegate.m */ = {isa = PBXFileReference; lastKnownFileType = sourcecode.c.objc; path = AppDelegate.m; sourceTree = "<group>"; };
		66B1E5BA1C4F8709004C6955 /* Assets.xcassets */ = {isa = PBXFileReference; lastKnownFileType = folder.assetcatalog; path = Assets.xcassets; sourceTree = "<group>"; };
		66B1E5BD1C4F8709004C6955 /* Base */ = {isa = PBXFileReference; lastKnownFileType = file.storyboard; name = Base; path = Base.lproj/LaunchScreen.storyboard; sourceTree = "<group>"; };
		66B1E5BF1C4F8709004C6955 /* Info.plist */ = {isa = PBXFileReference; lastKnownFileType = text.plist.xml; path = Info.plist; sourceTree = "<group>"; };
		66B1E5C41C4F8709004C6955 /* xmazonTests.xctest */ = {isa = PBXFileReference; explicitFileType = wrapper.cfbundle; includeInIndex = 0; path = xmazonTests.xctest; sourceTree = BUILT_PRODUCTS_DIR; };
		66B1E5C81C4F8709004C6955 /* xmazonTests.m */ = {isa = PBXFileReference; lastKnownFileType = sourcecode.c.objc; path = xmazonTests.m; sourceTree = "<group>"; };
		66B1E5CA1C4F8709004C6955 /* Info.plist */ = {isa = PBXFileReference; lastKnownFileType = text.plist.xml; path = Info.plist; sourceTree = "<group>"; };
		66B1E5CF1C4F8709004C6955 /* xmazonUITests.xctest */ = {isa = PBXFileReference; explicitFileType = wrapper.cfbundle; includeInIndex = 0; path = xmazonUITests.xctest; sourceTree = BUILT_PRODUCTS_DIR; };
		66B1E5D31C4F8709004C6955 /* xmazonUITests.m */ = {isa = PBXFileReference; lastKnownFileType = sourcecode.c.objc; path = xmazonUITests.m; sourceTree = "<group>"; };
		66B1E5D51C4F8709004C6955 /* Info.plist */ = {isa = PBXFileReference; lastKnownFileType = text.plist.xml; path = Info.plist; sourceTree = "<group>"; };
		66E446EA1C7259740030ED7A /* RootViewController.h */ = {isa = PBXFileReference; fileEncoding = 4; lastKnownFileType = sourcecode.c.h; path = RootViewController.h; sourceTree = "<group>"; };
		66E446EB1C7259740030ED7A /* RootViewController.m */ = {isa = PBXFileReference; fileEncoding = 4; lastKnownFileType = sourcecode.c.objc; path = RootViewController.m; sourceTree = "<group>"; };
		66E446EF1C725CA00030ED7A /* MenuItem.h */ = {isa = PBXFileReference; fileEncoding = 4; lastKnownFileType = sourcecode.c.h; path = MenuItem.h; sourceTree = "<group>"; };
		66E446F01C725CA00030ED7A /* MenuItem.m */ = {isa = PBXFileReference; fileEncoding = 4; lastKnownFileType = sourcecode.c.objc; path = MenuItem.m; sourceTree = "<group>"; };
		66E446F51C725F2F0030ED7A /* StoreMenuItem.h */ = {isa = PBXFileReference; fileEncoding = 4; lastKnownFileType = sourcecode.c.h; path = StoreMenuItem.h; sourceTree = "<group>"; };
		66E446F61C725F2F0030ED7A /* StoreMenuItem.m */ = {isa = PBXFileReference; fileEncoding = 4; lastKnownFileType = sourcecode.c.objc; path = StoreMenuItem.m; sourceTree = "<group>"; };
		66E446F81C725FEC0030ED7A /* StoreViewController.h */ = {isa = PBXFileReference; fileEncoding = 4; lastKnownFileType = sourcecode.c.h; path = StoreViewController.h; sourceTree = "<group>"; };
		66E446F91C725FEC0030ED7A /* StoreViewController.m */ = {isa = PBXFileReference; fileEncoding = 4; lastKnownFileType = sourcecode.c.objc; path = StoreViewController.m; sourceTree = "<group>"; };
		66E446FA1C725FEC0030ED7A /* StoreViewController.xib */ = {isa = PBXFileReference; fileEncoding = 4; lastKnownFileType = file.xib; path = StoreViewController.xib; sourceTree = "<group>"; };
		A0442DDD880BA9EE37FF2829 /* Pods-xmazon.debug.xcconfig */ = {isa = PBXFileReference; includeInIndex = 1; lastKnownFileType = text.xcconfig; name = "Pods-xmazon.debug.xcconfig"; path = "Pods/Target Support Files/Pods-xmazon/Pods-xmazon.debug.xcconfig"; sourceTree = "<group>"; };
		C207A5241C73CEF30028E864 /* SubscribeViewController.h */ = {isa = PBXFileReference; fileEncoding = 4; lastKnownFileType = sourcecode.c.h; path = SubscribeViewController.h; sourceTree = "<group>"; };
		C207A5251C73CEF30028E864 /* SubscribeViewController.m */ = {isa = PBXFileReference; fileEncoding = 4; lastKnownFileType = sourcecode.c.objc; path = SubscribeViewController.m; sourceTree = "<group>"; };
		C207A5261C73CEF30028E864 /* SubscribeViewController.xib */ = {isa = PBXFileReference; fileEncoding = 4; lastKnownFileType = file.xib; path = SubscribeViewController.xib; sourceTree = "<group>"; };
		C2C2B75C1C727B9D00F4DDED /* LoginViewController.h */ = {isa = PBXFileReference; fileEncoding = 4; lastKnownFileType = sourcecode.c.h; path = LoginViewController.h; sourceTree = "<group>"; };
		C2C2B75D1C727B9D00F4DDED /* LoginViewController.m */ = {isa = PBXFileReference; fileEncoding = 4; lastKnownFileType = sourcecode.c.objc; path = LoginViewController.m; sourceTree = "<group>"; };
		C2C2B75E1C727B9D00F4DDED /* LoginViewController.xib */ = {isa = PBXFileReference; fileEncoding = 4; lastKnownFileType = file.xib; path = LoginViewController.xib; sourceTree = "<group>"; };
/* End PBXFileReference section */

/* Begin PBXFrameworksBuildPhase section */
		66B1E5A81C4F8709004C6955 /* Frameworks */ = {
			isa = PBXFrameworksBuildPhase;
			buildActionMask = 2147483647;
			files = (
				A5F1A1E029C1431084E9EEBA /* libPods-xmazon.a in Frameworks */,
			);
			runOnlyForDeploymentPostprocessing = 0;
		};
		66B1E5C11C4F8709004C6955 /* Frameworks */ = {
			isa = PBXFrameworksBuildPhase;
			buildActionMask = 2147483647;
			files = (
			);
			runOnlyForDeploymentPostprocessing = 0;
		};
		66B1E5CC1C4F8709004C6955 /* Frameworks */ = {
			isa = PBXFrameworksBuildPhase;
			buildActionMask = 2147483647;
			files = (
			);
			runOnlyForDeploymentPostprocessing = 0;
		};
/* End PBXFrameworksBuildPhase section */

/* Begin PBXGroup section */
		2E55C40A659272BE29C17BAA /* Pods */ = {
			isa = PBXGroup;
			children = (
				A0442DDD880BA9EE37FF2829 /* Pods-xmazon.debug.xcconfig */,
				49DD386C4CEC1F938D3375EB /* Pods-xmazon.release.xcconfig */,
			);
			name = Pods;
			sourceTree = "<group>";
		};
		66174A191C6FDE0800B30279 /* Utils */ = {
			isa = PBXGroup;
			children = (
				66174A1A1C6FDE3000B30279 /* NetworkManager.h */,
				66174A1B1C6FDE3000B30279 /* NetworkManager.m */,
			);
			name = Utils;
			sourceTree = "<group>";
		};
		66B1E5A21C4F8709004C6955 = {
			isa = PBXGroup;
			children = (
				66B1E5AD1C4F8709004C6955 /* xmazon */,
				66B1E5C71C4F8709004C6955 /* xmazonTests */,
				66B1E5D21C4F8709004C6955 /* xmazonUITests */,
				66B1E5AC1C4F8709004C6955 /* Products */,
				2E55C40A659272BE29C17BAA /* Pods */,
				FEBD5F4759D4259CE2E82929 /* Frameworks */,
			);
			sourceTree = "<group>";
		};
		66B1E5AC1C4F8709004C6955 /* Products */ = {
			isa = PBXGroup;
			children = (
				66B1E5AB1C4F8709004C6955 /* xmazon.app */,
				66B1E5C41C4F8709004C6955 /* xmazonTests.xctest */,
				66B1E5CF1C4F8709004C6955 /* xmazonUITests.xctest */,
			);
			name = Products;
			sourceTree = "<group>";
		};
		66B1E5AD1C4F8709004C6955 /* xmazon */ = {
			isa = PBXGroup;
			children = (
				66E446ED1C725C6A0030ED7A /* View */,
				66E446EE1C725C860030ED7A /* Object */,
				66174A191C6FDE0800B30279 /* Utils */,
				66B1E5B11C4F8709004C6955 /* AppDelegate.h */,
				66B1E5B21C4F8709004C6955 /* AppDelegate.m */,
				66B1E5BA1C4F8709004C6955 /* Assets.xcassets */,
				66B1E5BC1C4F8709004C6955 /* LaunchScreen.storyboard */,
				66B1E5BF1C4F8709004C6955 /* Info.plist */,
				66B1E5AE1C4F8709004C6955 /* Supporting Files */,
			);
			path = xmazon;
			sourceTree = "<group>";
		};
		66B1E5AE1C4F8709004C6955 /* Supporting Files */ = {
			isa = PBXGroup;
			children = (
				66B1E5AF1C4F8709004C6955 /* main.m */,
			);
			name = "Supporting Files";
			sourceTree = "<group>";
		};
		66B1E5C71C4F8709004C6955 /* xmazonTests */ = {
			isa = PBXGroup;
			children = (
				66B1E5C81C4F8709004C6955 /* xmazonTests.m */,
				66B1E5CA1C4F8709004C6955 /* Info.plist */,
			);
			path = xmazonTests;
			sourceTree = "<group>";
		};
		66B1E5D21C4F8709004C6955 /* xmazonUITests */ = {
			isa = PBXGroup;
			children = (
				66B1E5D31C4F8709004C6955 /* xmazonUITests.m */,
				66B1E5D51C4F8709004C6955 /* Info.plist */,
			);
			path = xmazonUITests;
			sourceTree = "<group>";
		};
		66E446ED1C725C6A0030ED7A /* View */ = {
			isa = PBXGroup;
			children = (
				66E446EA1C7259740030ED7A /* RootViewController.h */,
				66E446EB1C7259740030ED7A /* RootViewController.m */,
				66174A201C6FE1B400B30279 /* MenuViewController.h */,
				66174A211C6FE1B400B30279 /* MenuViewController.m */,
				66174A221C6FE1B400B30279 /* MenuViewController.xib */,
				66E446F81C725FEC0030ED7A /* StoreViewController.h */,
				66E446F91C725FEC0030ED7A /* StoreViewController.m */,
				66E446FA1C725FEC0030ED7A /* StoreViewController.xib */,
				C2C2B75C1C727B9D00F4DDED /* LoginViewController.h */,
				C2C2B75D1C727B9D00F4DDED /* LoginViewController.m */,
				C2C2B75E1C727B9D00F4DDED /* LoginViewController.xib */,
				C207A5241C73CEF30028E864 /* SubscribeViewController.h */,
				C207A5251C73CEF30028E864 /* SubscribeViewController.m */,
				C207A5261C73CEF30028E864 /* SubscribeViewController.xib */,
				66AAC1FD1C7A177A00456473 /* UserViewController.h */,
				66AAC1FE1C7A177A00456473 /* UserViewController.m */,
				66AAC1FF1C7A177A00456473 /* UserViewController.xib */,
				6620EC9D1C85B36C00108DFE /* CategoryViewController.h */,
				6620EC9E1C85B36C00108DFE /* CategoryViewController.m */,
				6620EC9F1C85B36C00108DFE /* CategoryViewController.xib */,
			);
			name = View;
			sourceTree = "<group>";
		};
		66E446EE1C725C860030ED7A /* Object */ = {
			isa = PBXGroup;
			children = (
				66AAC1FA1C7A018000456473 /* SectionMenuItem.h */,
				66AAC1FB1C7A018000456473 /* SectionMenuItem.m */,
				66E446EF1C725CA00030ED7A /* MenuItem.h */,
				66E446F01C725CA00030ED7A /* MenuItem.m */,
				6620ECA81C85C84700108DFE /* ViewMenuItem.h */,
				6620ECA91C85C84700108DFE /* ViewMenuItem.m */,
				66E446F51C725F2F0030ED7A /* StoreMenuItem.h */,
				66E446F61C725F2F0030ED7A /* StoreMenuItem.m */,
				6620ECA21C85BD3F00108DFE /* Product.h */,
				6620ECA31C85BD3F00108DFE /* Product.m */,
				6620ECAB1C85CF4A00108DFE /* LogoffMenuItem.h */,
				6620ECAC1C85CF4A00108DFE /* LogoffMenuItem.m */,
			);
			name = Object;
			sourceTree = "<group>";
		};
		FEBD5F4759D4259CE2E82929 /* Frameworks */ = {
			isa = PBXGroup;
			children = (
				31B0E27C0E059A5E54CD7923 /* libPods-xmazon.a */,
			);
			name = Frameworks;
			sourceTree = "<group>";
		};
/* End PBXGroup section */

/* Begin PBXNativeTarget section */
		66B1E5AA1C4F8709004C6955 /* xmazon */ = {
			isa = PBXNativeTarget;
			buildConfigurationList = 66B1E5D81C4F8709004C6955 /* Build configuration list for PBXNativeTarget "xmazon" */;
			buildPhases = (
				F53876365EF0F41F5EC54D12 /* Check Pods Manifest.lock */,
				66B1E5A71C4F8709004C6955 /* Sources */,
				66B1E5A81C4F8709004C6955 /* Frameworks */,
				66B1E5A91C4F8709004C6955 /* Resources */,
				E3722EEC0F392CC9C4AB3548 /* Embed Pods Frameworks */,
				DB48E90255C1702EA6D1AB5A /* Copy Pods Resources */,
			);
			buildRules = (
			);
			dependencies = (
			);
			name = xmazon;
			productName = xmazon;
			productReference = 66B1E5AB1C4F8709004C6955 /* xmazon.app */;
			productType = "com.apple.product-type.application";
		};
		66B1E5C31C4F8709004C6955 /* xmazonTests */ = {
			isa = PBXNativeTarget;
			buildConfigurationList = 66B1E5DB1C4F8709004C6955 /* Build configuration list for PBXNativeTarget "xmazonTests" */;
			buildPhases = (
				66B1E5C01C4F8709004C6955 /* Sources */,
				66B1E5C11C4F8709004C6955 /* Frameworks */,
				66B1E5C21C4F8709004C6955 /* Resources */,
			);
			buildRules = (
			);
			dependencies = (
				66B1E5C61C4F8709004C6955 /* PBXTargetDependency */,
			);
			name = xmazonTests;
			productName = xmazonTests;
			productReference = 66B1E5C41C4F8709004C6955 /* xmazonTests.xctest */;
			productType = "com.apple.product-type.bundle.unit-test";
		};
		66B1E5CE1C4F8709004C6955 /* xmazonUITests */ = {
			isa = PBXNativeTarget;
			buildConfigurationList = 66B1E5DE1C4F8709004C6955 /* Build configuration list for PBXNativeTarget "xmazonUITests" */;
			buildPhases = (
				66B1E5CB1C4F8709004C6955 /* Sources */,
				66B1E5CC1C4F8709004C6955 /* Frameworks */,
				66B1E5CD1C4F8709004C6955 /* Resources */,
			);
			buildRules = (
			);
			dependencies = (
				66B1E5D11C4F8709004C6955 /* PBXTargetDependency */,
			);
			name = xmazonUITests;
			productName = xmazonUITests;
			productReference = 66B1E5CF1C4F8709004C6955 /* xmazonUITests.xctest */;
			productType = "com.apple.product-type.bundle.ui-testing";
		};
/* End PBXNativeTarget section */

/* Begin PBXProject section */
		66B1E5A31C4F8709004C6955 /* Project object */ = {
			isa = PBXProject;
			attributes = {
				LastUpgradeCheck = 0710;
				ORGANIZATIONNAME = Quentin;
				TargetAttributes = {
					66B1E5AA1C4F8709004C6955 = {
						CreatedOnToolsVersion = 7.1;
					};
					66B1E5C31C4F8709004C6955 = {
						CreatedOnToolsVersion = 7.1;
						TestTargetID = 66B1E5AA1C4F8709004C6955;
					};
					66B1E5CE1C4F8709004C6955 = {
						CreatedOnToolsVersion = 7.1;
						TestTargetID = 66B1E5AA1C4F8709004C6955;
					};
				};
			};
			buildConfigurationList = 66B1E5A61C4F8709004C6955 /* Build configuration list for PBXProject "xmazon" */;
			compatibilityVersion = "Xcode 3.2";
			developmentRegion = English;
			hasScannedForEncodings = 0;
			knownRegions = (
				en,
				Base,
			);
			mainGroup = 66B1E5A21C4F8709004C6955;
			productRefGroup = 66B1E5AC1C4F8709004C6955 /* Products */;
			projectDirPath = "";
			projectRoot = "";
			targets = (
				66B1E5AA1C4F8709004C6955 /* xmazon */,
				66B1E5C31C4F8709004C6955 /* xmazonTests */,
				66B1E5CE1C4F8709004C6955 /* xmazonUITests */,
			);
		};
/* End PBXProject section */

/* Begin PBXResourcesBuildPhase section */
		66B1E5A91C4F8709004C6955 /* Resources */ = {
			isa = PBXResourcesBuildPhase;
			buildActionMask = 2147483647;
			files = (
				6620ECA11C85B36C00108DFE /* CategoryViewController.xib in Resources */,
				66AAC2011C7A177A00456473 /* UserViewController.xib in Resources */,
				66E446FC1C725FEC0030ED7A /* StoreViewController.xib in Resources */,
				66B1E5BE1C4F8709004C6955 /* LaunchScreen.storyboard in Resources */,
				C2C2B7621C727B9D00F4DDED /* LoginViewController.xib in Resources */,
				66B1E5BB1C4F8709004C6955 /* Assets.xcassets in Resources */,
				C207A52A1C73CEF30028E864 /* SubscribeViewController.xib in Resources */,
				66174A241C6FE1B400B30279 /* MenuViewController.xib in Resources */,
			);
			runOnlyForDeploymentPostprocessing = 0;
		};
		66B1E5C21C4F8709004C6955 /* Resources */ = {
			isa = PBXResourcesBuildPhase;
			buildActionMask = 2147483647;
			files = (
				C2C2B7631C727B9D00F4DDED /* LoginViewController.xib in Resources */,
				C207A52B1C73CEF30028E864 /* SubscribeViewController.xib in Resources */,
			);
			runOnlyForDeploymentPostprocessing = 0;
		};
		66B1E5CD1C4F8709004C6955 /* Resources */ = {
			isa = PBXResourcesBuildPhase;
			buildActionMask = 2147483647;
			files = (
				C2C2B7641C727B9D00F4DDED /* LoginViewController.xib in Resources */,
				C207A52C1C73CEF30028E864 /* SubscribeViewController.xib in Resources */,
			);
			runOnlyForDeploymentPostprocessing = 0;
		};
/* End PBXResourcesBuildPhase section */

/* Begin PBXShellScriptBuildPhase section */
		DB48E90255C1702EA6D1AB5A /* Copy Pods Resources */ = {
			isa = PBXShellScriptBuildPhase;
			buildActionMask = 2147483647;
			files = (
			);
			inputPaths = (
			);
			name = "Copy Pods Resources";
			outputPaths = (
			);
			runOnlyForDeploymentPostprocessing = 0;
			shellPath = /bin/sh;
			shellScript = "\"${SRCROOT}/Pods/Target Support Files/Pods-xmazon/Pods-xmazon-resources.sh\"\n";
			showEnvVarsInLog = 0;
		};
		E3722EEC0F392CC9C4AB3548 /* Embed Pods Frameworks */ = {
			isa = PBXShellScriptBuildPhase;
			buildActionMask = 2147483647;
			files = (
			);
			inputPaths = (
			);
			name = "Embed Pods Frameworks";
			outputPaths = (
			);
			runOnlyForDeploymentPostprocessing = 0;
			shellPath = /bin/sh;
			shellScript = "\"${SRCROOT}/Pods/Target Support Files/Pods-xmazon/Pods-xmazon-frameworks.sh\"\n";
			showEnvVarsInLog = 0;
		};
		F53876365EF0F41F5EC54D12 /* Check Pods Manifest.lock */ = {
			isa = PBXShellScriptBuildPhase;
			buildActionMask = 2147483647;
			files = (
			);
			inputPaths = (
			);
			name = "Check Pods Manifest.lock";
			outputPaths = (
			);
			runOnlyForDeploymentPostprocessing = 0;
			shellPath = /bin/sh;
			shellScript = "diff \"${PODS_ROOT}/../Podfile.lock\" \"${PODS_ROOT}/Manifest.lock\" > /dev/null\nif [[ $? != 0 ]] ; then\n    cat << EOM\nerror: The sandbox is not in sync with the Podfile.lock. Run 'pod install' or update your CocoaPods installation.\nEOM\n    exit 1\nfi\n";
			showEnvVarsInLog = 0;
		};
/* End PBXShellScriptBuildPhase section */

/* Begin PBXSourcesBuildPhase section */
		66B1E5A71C4F8709004C6955 /* Sources */ = {
			isa = PBXSourcesBuildPhase;
			buildActionMask = 2147483647;
			files = (
				66E446F11C725CA00030ED7A /* MenuItem.m in Sources */,
				66174A1C1C6FDE3000B30279 /* NetworkManager.m in Sources */,
				66B1E5B31C4F8709004C6955 /* AppDelegate.m in Sources */,
				66E446EC1C7259740030ED7A /* RootViewController.m in Sources */,
				6620ECAA1C85C84700108DFE /* ViewMenuItem.m in Sources */,
				C207A5271C73CEF30028E864 /* SubscribeViewController.m in Sources */,
				66E446F71C725F2F0030ED7A /* StoreMenuItem.m in Sources */,
				66E446FB1C725FEC0030ED7A /* StoreViewController.m in Sources */,
				6620ECA41C85BD3F00108DFE /* Product.m in Sources */,
				66B1E5B01C4F8709004C6955 /* main.m in Sources */,
				66AAC1FC1C7A018000456473 /* SectionMenuItem.m in Sources */,
				6620ECA01C85B36C00108DFE /* CategoryViewController.m in Sources */,
				6620ECAD1C85CF4A00108DFE /* LogoffMenuItem.m in Sources */,
				C2C2B75F1C727B9D00F4DDED /* LoginViewController.m in Sources */,
				66AAC2001C7A177A00456473 /* UserViewController.m in Sources */,
				66174A231C6FE1B400B30279 /* MenuViewController.m in Sources */,
			);
			runOnlyForDeploymentPostprocessing = 0;
		};
		66B1E5C01C4F8709004C6955 /* Sources */ = {
			isa = PBXSourcesBuildPhase;
			buildActionMask = 2147483647;
			files = (
				C2C2B7601C727B9D00F4DDED /* LoginViewController.m in Sources */,
				66B1E5C91C4F8709004C6955 /* xmazonTests.m in Sources */,
				C207A5281C73CEF30028E864 /* SubscribeViewController.m in Sources */,
			);
			runOnlyForDeploymentPostprocessing = 0;
		};
		66B1E5CB1C4F8709004C6955 /* Sources */ = {
			isa = PBXSourcesBuildPhase;
			buildActionMask = 2147483647;
			files = (
				C2C2B7611C727B9D00F4DDED /* LoginViewController.m in Sources */,
				66B1E5D41C4F8709004C6955 /* xmazonUITests.m in Sources */,
				C207A5291C73CEF30028E864 /* SubscribeViewController.m in Sources */,
			);
			runOnlyForDeploymentPostprocessing = 0;
		};
/* End PBXSourcesBuildPhase section */

/* Begin PBXTargetDependency section */
		66B1E5C61C4F8709004C6955 /* PBXTargetDependency */ = {
			isa = PBXTargetDependency;
			target = 66B1E5AA1C4F8709004C6955 /* xmazon */;
			targetProxy = 66B1E5C51C4F8709004C6955 /* PBXContainerItemProxy */;
		};
		66B1E5D11C4F8709004C6955 /* PBXTargetDependency */ = {
			isa = PBXTargetDependency;
			target = 66B1E5AA1C4F8709004C6955 /* xmazon */;
			targetProxy = 66B1E5D01C4F8709004C6955 /* PBXContainerItemProxy */;
		};
/* End PBXTargetDependency section */

/* Begin PBXVariantGroup section */
		66B1E5BC1C4F8709004C6955 /* LaunchScreen.storyboard */ = {
			isa = PBXVariantGroup;
			children = (
				66B1E5BD1C4F8709004C6955 /* Base */,
			);
			name = LaunchScreen.storyboard;
			sourceTree = "<group>";
		};
/* End PBXVariantGroup section */

/* Begin XCBuildConfiguration section */
		66B1E5D61C4F8709004C6955 /* Debug */ = {
			isa = XCBuildConfiguration;
			buildSettings = {
				ALWAYS_SEARCH_USER_PATHS = NO;
				CLANG_CXX_LANGUAGE_STANDARD = "gnu++0x";
				CLANG_CXX_LIBRARY = "libc++";
				CLANG_ENABLE_MODULES = YES;
				CLANG_ENABLE_OBJC_ARC = YES;
				CLANG_WARN_BOOL_CONVERSION = YES;
				CLANG_WARN_CONSTANT_CONVERSION = YES;
				CLANG_WARN_DIRECT_OBJC_ISA_USAGE = YES_ERROR;
				CLANG_WARN_EMPTY_BODY = YES;
				CLANG_WARN_ENUM_CONVERSION = YES;
				CLANG_WARN_INT_CONVERSION = YES;
				CLANG_WARN_OBJC_ROOT_CLASS = YES_ERROR;
				CLANG_WARN_UNREACHABLE_CODE = YES;
				CLANG_WARN__DUPLICATE_METHOD_MATCH = YES;
				"CODE_SIGN_IDENTITY[sdk=iphoneos*]" = "iPhone Developer";
				COPY_PHASE_STRIP = NO;
				DEBUG_INFORMATION_FORMAT = dwarf;
				ENABLE_STRICT_OBJC_MSGSEND = YES;
				ENABLE_TESTABILITY = YES;
				GCC_C_LANGUAGE_STANDARD = gnu99;
				GCC_DYNAMIC_NO_PIC = NO;
				GCC_NO_COMMON_BLOCKS = YES;
				GCC_OPTIMIZATION_LEVEL = 0;
				GCC_PREPROCESSOR_DEFINITIONS = (
					"DEBUG=1",
					"$(inherited)",
				);
				GCC_WARN_64_TO_32_BIT_CONVERSION = YES;
				GCC_WARN_ABOUT_RETURN_TYPE = YES_ERROR;
				GCC_WARN_UNDECLARED_SELECTOR = YES;
				GCC_WARN_UNINITIALIZED_AUTOS = YES_AGGRESSIVE;
				GCC_WARN_UNUSED_FUNCTION = YES;
				GCC_WARN_UNUSED_VARIABLE = YES;
				IPHONEOS_DEPLOYMENT_TARGET = 9.1;
				MTL_ENABLE_DEBUG_INFO = YES;
				ONLY_ACTIVE_ARCH = YES;
				SDKROOT = iphoneos;
				TARGETED_DEVICE_FAMILY = "1,2";
			};
			name = Debug;
		};
		66B1E5D71C4F8709004C6955 /* Release */ = {
			isa = XCBuildConfiguration;
			buildSettings = {
				ALWAYS_SEARCH_USER_PATHS = NO;
				CLANG_CXX_LANGUAGE_STANDARD = "gnu++0x";
				CLANG_CXX_LIBRARY = "libc++";
				CLANG_ENABLE_MODULES = YES;
				CLANG_ENABLE_OBJC_ARC = YES;
				CLANG_WARN_BOOL_CONVERSION = YES;
				CLANG_WARN_CONSTANT_CONVERSION = YES;
				CLANG_WARN_DIRECT_OBJC_ISA_USAGE = YES_ERROR;
				CLANG_WARN_EMPTY_BODY = YES;
				CLANG_WARN_ENUM_CONVERSION = YES;
				CLANG_WARN_INT_CONVERSION = YES;
				CLANG_WARN_OBJC_ROOT_CLASS = YES_ERROR;
				CLANG_WARN_UNREACHABLE_CODE = YES;
				CLANG_WARN__DUPLICATE_METHOD_MATCH = YES;
				"CODE_SIGN_IDENTITY[sdk=iphoneos*]" = "iPhone Developer";
				COPY_PHASE_STRIP = NO;
				DEBUG_INFORMATION_FORMAT = "dwarf-with-dsym";
				ENABLE_NS_ASSERTIONS = NO;
				ENABLE_STRICT_OBJC_MSGSEND = YES;
				GCC_C_LANGUAGE_STANDARD = gnu99;
				GCC_NO_COMMON_BLOCKS = YES;
				GCC_WARN_64_TO_32_BIT_CONVERSION = YES;
				GCC_WARN_ABOUT_RETURN_TYPE = YES_ERROR;
				GCC_WARN_UNDECLARED_SELECTOR = YES;
				GCC_WARN_UNINITIALIZED_AUTOS = YES_AGGRESSIVE;
				GCC_WARN_UNUSED_FUNCTION = YES;
				GCC_WARN_UNUSED_VARIABLE = YES;
				IPHONEOS_DEPLOYMENT_TARGET = 9.1;
				MTL_ENABLE_DEBUG_INFO = NO;
				SDKROOT = iphoneos;
				TARGETED_DEVICE_FAMILY = "1,2";
				VALIDATE_PRODUCT = YES;
			};
			name = Release;
		};
		66B1E5D91C4F8709004C6955 /* Debug */ = {
			isa = XCBuildConfiguration;
			baseConfigurationReference = A0442DDD880BA9EE37FF2829 /* Pods-xmazon.debug.xcconfig */;
			buildSettings = {
				ASSETCATALOG_COMPILER_APPICON_NAME = AppIcon;
				GCC_PRECOMPILE_PREFIX_HEADER = NO;
				GCC_PREFIX_HEADER = "";
				INFOPLIST_FILE = xmazon/Info.plist;
				LD_RUNPATH_SEARCH_PATHS = "$(inherited) @executable_path/Frameworks";
				PRODUCT_BUNDLE_IDENTIFIER = fr.esgi.xmazon;
				PRODUCT_NAME = "$(TARGET_NAME)";
			};
			name = Debug;
		};
		66B1E5DA1C4F8709004C6955 /* Release */ = {
			isa = XCBuildConfiguration;
			baseConfigurationReference = 49DD386C4CEC1F938D3375EB /* Pods-xmazon.release.xcconfig */;
			buildSettings = {
				ASSETCATALOG_COMPILER_APPICON_NAME = AppIcon;
				GCC_PRECOMPILE_PREFIX_HEADER = NO;
				GCC_PREFIX_HEADER = "";
				INFOPLIST_FILE = xmazon/Info.plist;
				LD_RUNPATH_SEARCH_PATHS = "$(inherited) @executable_path/Frameworks";
				PRODUCT_BUNDLE_IDENTIFIER = fr.esgi.xmazon;
				PRODUCT_NAME = "$(TARGET_NAME)";
			};
			name = Release;
		};
		66B1E5DC1C4F8709004C6955 /* Debug */ = {
			isa = XCBuildConfiguration;
			buildSettings = {
				BUNDLE_LOADER = "$(TEST_HOST)";
				INFOPLIST_FILE = xmazonTests/Info.plist;
				LD_RUNPATH_SEARCH_PATHS = "$(inherited) @executable_path/Frameworks @loader_path/Frameworks";
				PRODUCT_BUNDLE_IDENTIFIER = fr.esgi.xmazonTests;
				PRODUCT_NAME = "$(TARGET_NAME)";
				TEST_HOST = "$(BUILT_PRODUCTS_DIR)/xmazon.app/xmazon";
			};
			name = Debug;
		};
		66B1E5DD1C4F8709004C6955 /* Release */ = {
			isa = XCBuildConfiguration;
			buildSettings = {
				BUNDLE_LOADER = "$(TEST_HOST)";
				INFOPLIST_FILE = xmazonTests/Info.plist;
				LD_RUNPATH_SEARCH_PATHS = "$(inherited) @executable_path/Frameworks @loader_path/Frameworks";
				PRODUCT_BUNDLE_IDENTIFIER = fr.esgi.xmazonTests;
				PRODUCT_NAME = "$(TARGET_NAME)";
				TEST_HOST = "$(BUILT_PRODUCTS_DIR)/xmazon.app/xmazon";
			};
			name = Release;
		};
		66B1E5DF1C4F8709004C6955 /* Debug */ = {
			isa = XCBuildConfiguration;
			buildSettings = {
				INFOPLIST_FILE = xmazonUITests/Info.plist;
				LD_RUNPATH_SEARCH_PATHS = "$(inherited) @executable_path/Frameworks @loader_path/Frameworks";
				PRODUCT_BUNDLE_IDENTIFIER = fr.esgi.xmazonUITests;
				PRODUCT_NAME = "$(TARGET_NAME)";
				TEST_TARGET_NAME = xmazon;
				USES_XCTRUNNER = YES;
			};
			name = Debug;
		};
		66B1E5E01C4F8709004C6955 /* Release */ = {
			isa = XCBuildConfiguration;
			buildSettings = {
				INFOPLIST_FILE = xmazonUITests/Info.plist;
				LD_RUNPATH_SEARCH_PATHS = "$(inherited) @executable_path/Frameworks @loader_path/Frameworks";
				PRODUCT_BUNDLE_IDENTIFIER = fr.esgi.xmazonUITests;
				PRODUCT_NAME = "$(TARGET_NAME)";
				TEST_TARGET_NAME = xmazon;
				USES_XCTRUNNER = YES;
			};
			name = Release;
		};
/* End XCBuildConfiguration section */

/* Begin XCConfigurationList section */
		66B1E5A61C4F8709004C6955 /* Build configuration list for PBXProject "xmazon" */ = {
			isa = XCConfigurationList;
			buildConfigurations = (
				66B1E5D61C4F8709004C6955 /* Debug */,
				66B1E5D71C4F8709004C6955 /* Release */,
			);
			defaultConfigurationIsVisible = 0;
			defaultConfigurationName = Release;
		};
		66B1E5D81C4F8709004C6955 /* Build configuration list for PBXNativeTarget "xmazon" */ = {
			isa = XCConfigurationList;
			buildConfigurations = (
				66B1E5D91C4F8709004C6955 /* Debug */,
				66B1E5DA1C4F8709004C6955 /* Release */,
			);
			defaultConfigurationIsVisible = 0;
			defaultConfigurationName = Release;
		};
		66B1E5DB1C4F8709004C6955 /* Build configuration list for PBXNativeTarget "xmazonTests" */ = {
			isa = XCConfigurationList;
			buildConfigurations = (
				66B1E5DC1C4F8709004C6955 /* Debug */,
				66B1E5DD1C4F8709004C6955 /* Release */,
			);
			defaultConfigurationIsVisible = 0;
			defaultConfigurationName = Release;
		};
		66B1E5DE1C4F8709004C6955 /* Build configuration list for PBXNativeTarget "xmazonUITests" */ = {
			isa = XCConfigurationList;
			buildConfigurations = (
				66B1E5DF1C4F8709004C6955 /* Debug */,
				66B1E5E01C4F8709004C6955 /* Release */,
			);
			defaultConfigurationIsVisible = 0;
			defaultConfigurationName = Release;
		};
/* End XCConfigurationList section */
	};
	rootObject = 66B1E5A31C4F8709004C6955 /* Project object */;
}
